github.com/baguskna/go-say-hello v1.0.0 h1:9kZgyKnPSKOaQ5XXlsDrDhbt6ZpezrNpejs+pjLjdac=
github.com/baguskna/go-say-hello v1.0.0/go.mod h1:LQeDInDuzkjGNlISclYKOKv30RL7yZKBY7U60VllHBg=
github.com/baguskna/go-say-hello v1.1.0 h1:cbph5RSCoZcpP477KxgBPGlOQDsYtHGigq6ID/qvNWE=
github.com/baguskna/go-say-hello v1.1.0/go.mod h1:LQeDInDuzkjGNlISclYKOKv30RL7yZKBY7U60VllHBg=
